
Microsoft Visual Studio Solution File, Format Version 12.00
# Visual Studio 14
VisualStudioVersion = 14.0.25420.1
MinimumVisualStudioVersion = 10.0.40219.1
Project("{FAE04EC0-301F-11D3-BF4B-00C04F79EFBC}") = "MeowBand_project", "MeowBand_project\MeowBand_project.csproj", "{8625AD4C-88D0-4836-B1AC-371CFC8E4E08}"
EndProject
Project("{FAE04EC0-301F-11D3-BF4B-00C04F79EFBC}") = "DataBade", "DataBade\DataBade.csproj", "{6C597824-ADAA-474E-9119-7D9F5C5280D8}"
EndProject
Global
	GlobalSection(SolutionConfigurationPlatforms) = preSolution
		Debug|Any CPU = Debug|Any CPU
		Release|Any CPU = Release|Any CPU
	EndGlobalSection
	GlobalSection(ProjectConfigurationPlatforms) = postSolution
		{8625AD4C-88D0-4836-B1AC-371CFC8E4E08}.Debug|Any CPU.ActiveCfg = Debug|Any CPU
		{8625AD4C-88D0-4836-B1AC-371CFC8E4E08}.Debug|Any CPU.Build.0 = Debug|Any CPU
		{8625AD4C-88D0-4836-B1AC-371CFC8E4E08}.Release|Any CPU.ActiveCfg = Release|Any CPU
		{8625AD4C-88D0-4836-B1AC-371CFC8E4E08}.Release|Any CPU.Build.0 = Release|Any CPU
		{6C597824-ADAA-474E-9119-7D9F5C5280D8}.Debug|Any CPU.ActiveCfg = Debug|Any CPU
		{6C597824-ADAA-474E-9119-7D9F5C5280D8}.Debug|Any CPU.Build.0 = Debug|Any CPU
		{6C597824-ADAA-474E-9119-7D9F5C5280D8}.Release|Any CPU.ActiveCfg = Release|Any CPU
		{6C597824-ADAA-474E-9119-7D9F5C5280D8}.Release|Any CPU.Build.0 = Release|Any CPU
	EndGlobalSection
	GlobalSection(SolutionProperties) = preSolution
		HideSolutionNode = FALSE
	EndGlobalSection
EndGlobal
